
Microsoft Visual Studio Solution File, Format Version 12.00
# Visual Studio Version 16
VisualStudioVersion = 16.0.29403.142
MinimumVisualStudioVersion = 10.0.40219.1
Project("{9A19103F-16F7-4668-BE54-9A1E7A4F7556}") = "BankingAccountAPI", "BankingAccountAPI\BankingAccountAPI.csproj", "{52CF887A-9905-4379-A0C3-820BCC2130F6}"
EndProject
Project("{FAE04EC0-301F-11D3-BF4B-00C04F79EFBC}") = "BankingAccountAPITests", "BankingAccountAPITests\BankingAccountAPITests.csproj", "{2D8CEC9B-D9AD-44A7-A140-561D4F75AF0F}"
EndProject
Global
	GlobalSection(SolutionConfigurationPlatforms) = preSolution
		Debug|Any CPU = Debug|Any CPU
		Release|Any CPU = Release|Any CPU
	EndGlobalSection
	GlobalSection(ProjectConfigurationPlatforms) = postSolution
		{52CF887A-9905-4379-A0C3-820BCC2130F6}.Debug|Any CPU.ActiveCfg = Debug|Any CPU
		{52CF887A-9905-4379-A0C3-820BCC2130F6}.Debug|Any CPU.Build.0 = Debug|Any CPU
		{52CF887A-9905-4379-A0C3-820BCC2130F6}.Release|Any CPU.ActiveCfg = Release|Any CPU
		{52CF887A-9905-4379-A0C3-820BCC2130F6}.Release|Any CPU.Build.0 = Release|Any CPU
		{2D8CEC9B-D9AD-44A7-A140-561D4F75AF0F}.Debug|Any CPU.ActiveCfg = Debug|Any CPU
		{2D8CEC9B-D9AD-44A7-A140-561D4F75AF0F}.Debug|Any CPU.Build.0 = Debug|Any CPU
		{2D8CEC9B-D9AD-44A7-A140-561D4F75AF0F}.Release|Any CPU.ActiveCfg = Release|Any CPU
		{2D8CEC9B-D9AD-44A7-A140-561D4F75AF0F}.Release|Any CPU.Build.0 = Release|Any CPU
	EndGlobalSection
	GlobalSection(SolutionProperties) = preSolution
		HideSolutionNode = FALSE
	EndGlobalSection
	GlobalSection(ExtensibilityGlobals) = postSolution
		SolutionGuid = {2834D94D-5A86-41B4-8B03-79E2195A4817}
	EndGlobalSection
EndGlobal
